
Microsoft Visual Studio Solution File, Format Version 12.00
# Visual Studio Version 17
VisualStudioVersion = 17.13.35825.156 d17.13
MinimumVisualStudioVersion = 10.0.40219.1
Project("{FAE04EC0-301F-11D3-BF4B-00C04F79EFBC}") = "JavaScriptPromises", "JavaScriptPromises.csproj", "{945C36CE-DB82-4ED3-82A0-E718D6581A4E}"
EndProject
Global
	GlobalSection(SolutionConfigurationPlatforms) = preSolution
		Debug|Any CPU = Debug|Any CPU
		Release|Any CPU = Release|Any CPU
	EndGlobalSection
	GlobalSection(ProjectConfigurationPlatforms) = postSolution
		{945C36CE-DB82-4ED3-82A0-E718D6581A4E}.Debug|Any CPU.ActiveCfg = Debug|Any CPU
		{945C36CE-DB82-4ED3-82A0-E718D6581A4E}.Debug|Any CPU.Build.0 = Debug|Any CPU
		{945C36CE-DB82-4ED3-82A0-E718D6581A4E}.Release|Any CPU.ActiveCfg = Release|Any CPU
		{945C36CE-DB82-4ED3-82A0-E718D6581A4E}.Release|Any CPU.Build.0 = Release|Any CPU
	EndGlobalSection
	GlobalSection(SolutionProperties) = preSolution
		HideSolutionNode = FALSE
	EndGlobalSection
	GlobalSection(ExtensibilityGlobals) = postSolution
		SolutionGuid = {0AB55261-24E0-47C2-9BB5-B0BEB9868CC5}
	EndGlobalSection
EndGlobal
